
Microsoft Visual Studio Solution File, Format Version 12.00
# Visual Studio Version 17
VisualStudioVersion = 17.7.34031.279
MinimumVisualStudioVersion = 10.0.40219.1
Project("{9A19103F-16F7-4668-BE54-9A1E7A4F7556}") = "MyIO", "MyIO\MyIO.csproj", "{1C1E6430-CBEB-4529-AD50-5F1F84AF7B21}"
EndProject
Global
	GlobalSection(SolutionConfigurationPlatforms) = preSolution
		Debug|Any CPU = Debug|Any CPU
		Release|Any CPU = Release|Any CPU
	EndGlobalSection
	GlobalSection(ProjectConfigurationPlatforms) = postSolution
		{1C1E6430-CBEB-4529-AD50-5F1F84AF7B21}.Debug|Any CPU.ActiveCfg = Debug|Any CPU
		{1C1E6430-CBEB-4529-AD50-5F1F84AF7B21}.Debug|Any CPU.Build.0 = Debug|Any CPU
		{1C1E6430-CBEB-4529-AD50-5F1F84AF7B21}.Release|Any CPU.ActiveCfg = Release|Any CPU
		{1C1E6430-CBEB-4529-AD50-5F1F84AF7B21}.Release|Any CPU.Build.0 = Release|Any CPU
	EndGlobalSection
	GlobalSection(SolutionProperties) = preSolution
		HideSolutionNode = FALSE
	EndGlobalSection
	GlobalSection(ExtensibilityGlobals) = postSolution
		SolutionGuid = {A4AB7CE7-4525-4E09-929B-9FE0D5E2572E}
	EndGlobalSection
EndGlobal
